// !$*UTF8*$!
{
	archiveVersion = 1;
	classes = {
	};
	objectVersion = 46;
	objects = {

/* Begin PBXBuildFile section */
		930896841D069A8A005B8A5E /* MainTableViewController.swift in Sources */ = {isa = PBXBuildFile; fileRef = 930896831D069A8A005B8A5E /* MainTableViewController.swift */; };
		930896861D06A07A005B8A5E /* MainDeckSelectorTableViewController.swift in Sources */ = {isa = PBXBuildFile; fileRef = 930896851D06A07A005B8A5E /* MainDeckSelectorTableViewController.swift */; };
		931A42EE1D0049FC006752D2 /* NSUserDefault+isFirstLaunch.swift in Sources */ = {isa = PBXBuildFile; fileRef = 931A42ED1D0049FC006752D2 /* NSUserDefault+isFirstLaunch.swift */; };
		931A42F11D0054DC006752D2 /* CardTableViewController.swift in Sources */ = {isa = PBXBuildFile; fileRef = 931A42F01D0054DC006752D2 /* CardTableViewController.swift */; };
		93280EF51D0547600058EDD5 /* DeckCardSelectorTableViewController.swift in Sources */ = {isa = PBXBuildFile; fileRef = 93280EF41D0547600058EDD5 /* DeckCardSelectorTableViewController.swift */; };
		9328F9831D0005D10025838B /* AppDelegate.swift in Sources */ = {isa = PBXBuildFile; fileRef = 9328F9821D0005D10025838B /* AppDelegate.swift */; };
		9328F9881D0005D10025838B /* Main.storyboard in Resources */ = {isa = PBXBuildFile; fileRef = 9328F9861D0005D10025838B /* Main.storyboard */; };
		9328F9901D0005D10025838B /* LaunchScreen.storyboard in Resources */ = {isa = PBXBuildFile; fileRef = 9328F98E1D0005D10025838B /* LaunchScreen.storyboard */; };
		9328F99B1D0005D10025838B /* JiYiTests.swift in Sources */ = {isa = PBXBuildFile; fileRef = 9328F99A1D0005D10025838B /* JiYiTests.swift */; };
		9328F9A61D0005D10025838B /* JiYiUITests.swift in Sources */ = {isa = PBXBuildFile; fileRef = 9328F9A51D0005D10025838B /* JiYiUITests.swift */; };
		9328F9BE1D0009070025838B /* JiYi.xcdatamodeld in Sources */ = {isa = PBXBuildFile; fileRef = 9328F9BC1D0009070025838B /* JiYi.xcdatamodeld */; };
		9328F9C01D000F8D0025838B /* Assets.xcassets in Resources */ = {isa = PBXBuildFile; fileRef = 9328F9BF1D000F8D0025838B /* Assets.xcassets */; };
		9328F9C21D0023620025838B /* CoreDataManager.swift in Sources */ = {isa = PBXBuildFile; fileRef = 9328F9C11D0023620025838B /* CoreDataManager.swift */; };
		9328F9CA1D00281A0025838B /* Card.swift in Sources */ = {isa = PBXBuildFile; fileRef = 9328F9C61D00281A0025838B /* Card.swift */; };
		9328F9CC1D00281A0025838B /* Deck.swift in Sources */ = {isa = PBXBuildFile; fileRef = 9328F9C81D00281A0025838B /* Deck.swift */; };
		9328F9D11D002CE90025838B /* Cards.plist in Resources */ = {isa = PBXBuildFile; fileRef = 9328F9D01D002CE90025838B /* Cards.plist */; };
		939B934F1D0154F3005CEAC3 /* Buffle000.mp3 in Resources */ = {isa = PBXBuildFile; fileRef = 939B934A1D0154F3005CEAC3 /* Buffle000.mp3 */; };
		939B93501D0154F3005CEAC3 /* Chat000.mp3 in Resources */ = {isa = PBXBuildFile; fileRef = 939B934B1D0154F3005CEAC3 /* Chat000.mp3 */; };
		939B93511D0154F3005CEAC3 /* Lapin000.mp3 in Resources */ = {isa = PBXBuildFile; fileRef = 939B934C1D0154F3005CEAC3 /* Lapin000.mp3 */; };
		939B93521D0154F3005CEAC3 /* Rat000.mp3 in Resources */ = {isa = PBXBuildFile; fileRef = 939B934D1D0154F3005CEAC3 /* Rat000.mp3 */; };
		939B93531D0154F3005CEAC3 /* Tigre000.mp3 in Resources */ = {isa = PBXBuildFile; fileRef = 939B934E1D0154F3005CEAC3 /* Tigre000.mp3 */; };
		93E13A501D0172CC00F75A12 /* DeckTableViewController.swift in Sources */ = {isa = PBXBuildFile; fileRef = 93E13A4F1D0172CC00F75A12 /* DeckTableViewController.swift */; };
		93E13A521D0179FD00F75A12 /* DeckInfoTableViewController.swift in Sources */ = {isa = PBXBuildFile; fileRef = 93E13A511D0179FD00F75A12 /* DeckInfoTableViewController.swift */; };
		93E13A541D019D3900F75A12 /* DeckEditTableViewController.swift in Sources */ = {isa = PBXBuildFile; fileRef = 93E13A531D019D3900F75A12 /* DeckEditTableViewController.swift */; };
/* End PBXBuildFile section */

/* Begin PBXContainerItemProxy section */
		9328F9971D0005D10025838B /* PBXContainerItemProxy */ = {
			isa = PBXContainerItemProxy;
			containerPortal = 9328F9771D0005D00025838B /* Project object */;
			proxyType = 1;
			remoteGlobalIDString = 9328F97E1D0005D00025838B;
			remoteInfo = JiYi;
		};
		9328F9A21D0005D10025838B /* PBXContainerItemProxy */ = {
			isa = PBXContainerItemProxy;
			containerPortal = 9328F9771D0005D00025838B /* Project object */;
			proxyType = 1;
			remoteGlobalIDString = 9328F97E1D0005D00025838B;
			remoteInfo = JiYi;
		};
/* End PBXContainerItemProxy section */

/* Begin PBXFileReference section */
		930896831D069A8A005B8A5E /* MainTableViewController.swift */ = {isa = PBXFileReference; fileEncoding = 4; lastKnownFileType = sourcecode.swift; name = MainTableViewController.swift; path = UI/MainView/MainTableViewController.swift; sourceTree = "<group>"; };
		930896851D06A07A005B8A5E /* MainDeckSelectorTableViewController.swift */ = {isa = PBXFileReference; fileEncoding = 4; lastKnownFileType = sourcecode.swift; name = MainDeckSelectorTableViewController.swift; path = UI/MainView/MainDeckSelectorTableViewController.swift; sourceTree = "<group>"; };
		931A42ED1D0049FC006752D2 /* NSUserDefault+isFirstLaunch.swift */ = {isa = PBXFileReference; fileEncoding = 4; lastKnownFileType = sourcecode.swift; name = "NSUserDefault+isFirstLaunch.swift"; path = "Template/NSUserDefault+isFirstLaunch.swift"; sourceTree = "<group>"; };
		931A42F01D0054DC006752D2 /* CardTableViewController.swift */ = {isa = PBXFileReference; fileEncoding = 4; lastKnownFileType = sourcecode.swift; name = CardTableViewController.swift; path = UI/CardView/CardTableViewController.swift; sourceTree = "<group>"; };
		93280EF41D0547600058EDD5 /* DeckCardSelectorTableViewController.swift */ = {isa = PBXFileReference; fileEncoding = 4; lastKnownFileType = sourcecode.swift; path = DeckCardSelectorTableViewController.swift; sourceTree = "<group>"; };
		9328F97F1D0005D10025838B /* JiYi.app */ = {isa = PBXFileReference; explicitFileType = wrapper.application; includeInIndex = 0; path = JiYi.app; sourceTree = BUILT_PRODUCTS_DIR; };
		9328F9821D0005D10025838B /* AppDelegate.swift */ = {isa = PBXFileReference; lastKnownFileType = sourcecode.swift; path = AppDelegate.swift; sourceTree = "<group>"; };
		9328F9871D0005D10025838B /* Base */ = {isa = PBXFileReference; lastKnownFileType = file.storyboard; name = Base; path = Base.lproj/Main.storyboard; sourceTree = "<group>"; };
		9328F98F1D0005D10025838B /* Base */ = {isa = PBXFileReference; lastKnownFileType = file.storyboard; name = Base; path = Base.lproj/LaunchScreen.storyboard; sourceTree = "<group>"; };
		9328F9911D0005D10025838B /* Info.plist */ = {isa = PBXFileReference; lastKnownFileType = text.plist.xml; path = Info.plist; sourceTree = "<group>"; };
		9328F9961D0005D10025838B /* JiYiTests.xctest */ = {isa = PBXFileReference; explicitFileType = wrapper.cfbundle; includeInIndex = 0; path = JiYiTests.xctest; sourceTree = BUILT_PRODUCTS_DIR; };
		9328F99A1D0005D10025838B /* JiYiTests.swift */ = {isa = PBXFileReference; lastKnownFileType = sourcecode.swift; path = JiYiTests.swift; sourceTree = "<group>"; };
		9328F99C1D0005D10025838B /* Info.plist */ = {isa = PBXFileReference; lastKnownFileType = text.plist.xml; path = Info.plist; sourceTree = "<group>"; };
		9328F9A11D0005D10025838B /* JiYiUITests.xctest */ = {isa = PBXFileReference; explicitFileType = wrapper.cfbundle; includeInIndex = 0; path = JiYiUITests.xctest; sourceTree = BUILT_PRODUCTS_DIR; };
		9328F9A51D0005D10025838B /* JiYiUITests.swift */ = {isa = PBXFileReference; lastKnownFileType = sourcecode.swift; path = JiYiUITests.swift; sourceTree = "<group>"; };
		9328F9A71D0005D10025838B /* Info.plist */ = {isa = PBXFileReference; lastKnownFileType = text.plist.xml; path = Info.plist; sourceTree = "<group>"; };
		9328F9BD1D0009070025838B /* JiYi.xcdatamodel */ = {isa = PBXFileReference; lastKnownFileType = wrapper.xcdatamodel; path = JiYi.xcdatamodel; sourceTree = "<group>"; };
		9328F9BF1D000F8D0025838B /* Assets.xcassets */ = {isa = PBXFileReference; lastKnownFileType = folder.assetcatalog; name = Assets.xcassets; path = Assets/Assets.xcassets; sourceTree = "<group>"; };
		9328F9C11D0023620025838B /* CoreDataManager.swift */ = {isa = PBXFileReference; fileEncoding = 4; lastKnownFileType = sourcecode.swift; name = CoreDataManager.swift; path = CoreData/CoreDataManager.swift; sourceTree = "<group>"; };
		9328F9C61D00281A0025838B /* Card.swift */ = {isa = PBXFileReference; fileEncoding = 4; lastKnownFileType = sourcecode.swift; name = Card.swift; path = CoreData/Card.swift; sourceTree = "<group>"; };
		9328F9C81D00281A0025838B /* Deck.swift */ = {isa = PBXFileReference; fileEncoding = 4; lastKnownFileType = sourcecode.swift; name = Deck.swift; path = CoreData/Deck.swift; sourceTree = "<group>"; };
		9328F9D01D002CE90025838B /* Cards.plist */ = {isa = PBXFileReference; fileEncoding = 4; lastKnownFileType = text.plist.xml; name = Cards.plist; path = CoreData/DefaultValues/Cards.plist; sourceTree = "<group>"; };
		939B934A1D0154F3005CEAC3 /* Buffle000.mp3 */ = {isa = PBXFileReference; lastKnownFileType = audio.mp3; name = Buffle000.mp3; path = Assets/Pronunciations/Buffle000.mp3; sourceTree = "<group>"; };
		939B934B1D0154F3005CEAC3 /* Chat000.mp3 */ = {isa = PBXFileReference; lastKnownFileType = audio.mp3; name = Chat000.mp3; path = Assets/Pronunciations/Chat000.mp3; sourceTree = "<group>"; };
		939B934C1D0154F3005CEAC3 /* Lapin000.mp3 */ = {isa = PBXFileReference; lastKnownFileType = audio.mp3; name = Lapin000.mp3; path = Assets/Pronunciations/Lapin000.mp3; sourceTree = "<group>"; };
		939B934D1D0154F3005CEAC3 /* Rat000.mp3 */ = {isa = PBXFileReference; lastKnownFileType = audio.mp3; name = Rat000.mp3; path = Assets/Pronunciations/Rat000.mp3; sourceTree = "<group>"; };
		939B934E1D0154F3005CEAC3 /* Tigre000.mp3 */ = {isa = PBXFileReference; lastKnownFileType = audio.mp3; name = Tigre000.mp3; path = Assets/Pronunciations/Tigre000.mp3; sourceTree = "<group>"; };
		939B93541D016BC6005CEAC3 /* JiYi 2.xcdatamodel */ = {isa = PBXFileReference; lastKnownFileType = wrapper.xcdatamodel; path = "JiYi 2.xcdatamodel"; sourceTree = "<group>"; };
		93E13A4F1D0172CC00F75A12 /* DeckTableViewController.swift */ = {isa = PBXFileReference; fileEncoding = 4; lastKnownFileType = sourcecode.swift; name = DeckTableViewController.swift; path = UI/DeckView/DeckTableViewController.swift; sourceTree = "<group>"; };
		93E13A511D0179FD00F75A12 /* DeckInfoTableViewController.swift */ = {isa = PBXFileReference; fileEncoding = 4; lastKnownFileType = sourcecode.swift; name = DeckInfoTableViewController.swift; path = UI/DeckView/DeckInfoTableViewController.swift; sourceTree = "<group>"; };
		93E13A531D019D3900F75A12 /* DeckEditTableViewController.swift */ = {isa = PBXFileReference; fileEncoding = 4; lastKnownFileType = sourcecode.swift; name = DeckEditTableViewController.swift; path = UI/DeckView/DeckEditTableViewController.swift; sourceTree = "<group>"; };
/* End PBXFileReference section */

/* Begin PBXFrameworksBuildPhase section */
		9328F97C1D0005D00025838B /* Frameworks */ = {
			isa = PBXFrameworksBuildPhase;
			buildActionMask = 2147483647;
			files = (
			);
			runOnlyForDeploymentPostprocessing = 0;
		};
		9328F9931D0005D10025838B /* Frameworks */ = {
			isa = PBXFrameworksBuildPhase;
			buildActionMask = 2147483647;
			files = (
			);
			runOnlyForDeploymentPostprocessing = 0;
		};
		9328F99E1D0005D10025838B /* Frameworks */ = {
			isa = PBXFrameworksBuildPhase;
			buildActionMask = 2147483647;
			files = (
			);
			runOnlyForDeploymentPostprocessing = 0;
		};
/* End PBXFrameworksBuildPhase section */

/* Begin PBXGroup section */
		930896821D069990005B8A5E /* MainView */ = {
			isa = PBXGroup;
			children = (
				930896831D069A8A005B8A5E /* MainTableViewController.swift */,
				930896851D06A07A005B8A5E /* MainDeckSelectorTableViewController.swift */,
			);
			name = MainView;
			sourceTree = "<group>";
		};
		931A42EF1D0054BF006752D2 /* CardView */ = {
			isa = PBXGroup;
			children = (
				931A42F01D0054DC006752D2 /* CardTableViewController.swift */,
			);
			name = CardView;
			sourceTree = "<group>";
		};
		9328F9761D0005D00025838B = {
			isa = PBXGroup;
			children = (
				9328F9811D0005D10025838B /* JiYi */,
				9328F9991D0005D10025838B /* JiYiTests */,
				9328F9A41D0005D10025838B /* JiYiUITests */,
				9328F9801D0005D10025838B /* Products */,
			);
			sourceTree = "<group>";
		};
		9328F9801D0005D10025838B /* Products */ = {
			isa = PBXGroup;
			children = (
				9328F97F1D0005D10025838B /* JiYi.app */,
				9328F9961D0005D10025838B /* JiYiTests.xctest */,
				9328F9A11D0005D10025838B /* JiYiUITests.xctest */,
			);
			name = Products;
			sourceTree = "<group>";
		};
		9328F9811D0005D10025838B /* JiYi */ = {
			isa = PBXGroup;
			children = (
				9328F9B41D0008540025838B /* IOS */,
				9328F9B31D00084B0025838B /* Template */,
				9328F9B91D0008B20025838B /* UI */,
				9328F9B51D00086D0025838B /* CoreData */,
				9328F9B81D0008A00025838B /* SpriteKit */,
				9328F9B71D0008990025838B /* GameplayKit */,
				9328F9B61D0008930025838B /* Assets */,
			);
			path = JiYi;
			sourceTree = "<group>";
		};
		9328F9991D0005D10025838B /* JiYiTests */ = {
			isa = PBXGroup;
			children = (
				9328F99A1D0005D10025838B /* JiYiTests.swift */,
				9328F99C1D0005D10025838B /* Info.plist */,
			);
			path = JiYiTests;
			sourceTree = "<group>";
		};
		9328F9A41D0005D10025838B /* JiYiUITests */ = {
			isa = PBXGroup;
			children = (
				9328F9A51D0005D10025838B /* JiYiUITests.swift */,
				9328F9A71D0005D10025838B /* Info.plist */,
			);
			path = JiYiUITests;
			sourceTree = "<group>";
		};
		9328F9B31D00084B0025838B /* Template */ = {
			isa = PBXGroup;
			children = (
				931A42ED1D0049FC006752D2 /* NSUserDefault+isFirstLaunch.swift */,
			);
			name = Template;
			sourceTree = "<group>";
		};
		9328F9B41D0008540025838B /* IOS */ = {
			isa = PBXGroup;
			children = (
				9328F9821D0005D10025838B /* AppDelegate.swift */,
				9328F9861D0005D10025838B /* Main.storyboard */,
				9328F98E1D0005D10025838B /* LaunchScreen.storyboard */,
				9328F9911D0005D10025838B /* Info.plist */,
			);
			name = IOS;
			sourceTree = "<group>";
		};
		9328F9B51D00086D0025838B /* CoreData */ = {
			isa = PBXGroup;
			children = (
				9328F9C11D0023620025838B /* CoreDataManager.swift */,
				9328F9BC1D0009070025838B /* JiYi.xcdatamodeld */,
				9328F9C61D00281A0025838B /* Card.swift */,
				9328F9C81D00281A0025838B /* Deck.swift */,
				9328F9CF1D002CCD0025838B /* DefaultValues */,
			);
			name = CoreData;
			sourceTree = "<group>";
		};
		9328F9B61D0008930025838B /* Assets */ = {
			isa = PBXGroup;
			children = (
				9328F9BF1D000F8D0025838B /* Assets.xcassets */,
				939B93491D015463005CEAC3 /* Pronunciations */,
			);
			name = Assets;
			sourceTree = "<group>";
		};
		9328F9B71D0008990025838B /* GameplayKit */ = {
			isa = PBXGroup;
			children = (
			);
			name = GameplayKit;
			sourceTree = "<group>";
		};
		9328F9B81D0008A00025838B /* SpriteKit */ = {
			isa = PBXGroup;
			children = (
			);
			name = SpriteKit;
			sourceTree = "<group>";
		};
		9328F9B91D0008B20025838B /* UI */ = {
			isa = PBXGroup;
			children = (
				930896821D069990005B8A5E /* MainView */,
				931A42EF1D0054BF006752D2 /* CardView */,
				93E13A4E1D01729C00F75A12 /* DeckView */,
			);
			name = UI;
			sourceTree = "<group>";
		};
		9328F9CF1D002CCD0025838B /* DefaultValues */ = {
			isa = PBXGroup;
			children = (
				9328F9D01D002CE90025838B /* Cards.plist */,
			);
			name = DefaultValues;
			sourceTree = "<group>";
		};
		939B93491D015463005CEAC3 /* Pronunciations */ = {
			isa = PBXGroup;
			children = (
				939B934A1D0154F3005CEAC3 /* Buffle000.mp3 */,
				939B934B1D0154F3005CEAC3 /* Chat000.mp3 */,
				939B934C1D0154F3005CEAC3 /* Lapin000.mp3 */,
				939B934D1D0154F3005CEAC3 /* Rat000.mp3 */,
				939B934E1D0154F3005CEAC3 /* Tigre000.mp3 */,
			);
			name = Pronunciations;
			sourceTree = "<group>";
		};
		93E13A4E1D01729C00F75A12 /* DeckView */ = {
			isa = PBXGroup;
			children = (
				93E13A4F1D0172CC00F75A12 /* DeckTableViewController.swift */,
				93E13A511D0179FD00F75A12 /* DeckInfoTableViewController.swift */,
				93E13A531D019D3900F75A12 /* DeckEditTableViewController.swift */,
				93280EF41D0547600058EDD5 /* DeckCardSelectorTableViewController.swift */,
			);
			name = DeckView;
			sourceTree = "<group>";
		};
/* End PBXGroup section */

/* Begin PBXNativeTarget section */
		9328F97E1D0005D00025838B /* JiYi */ = {
			isa = PBXNativeTarget;
			buildConfigurationList = 9328F9AA1D0005D10025838B /* Build configuration list for PBXNativeTarget "JiYi" */;
			buildPhases = (
				9328F97B1D0005D00025838B /* Sources */,
				9328F97C1D0005D00025838B /* Frameworks */,
				9328F97D1D0005D00025838B /* Resources */,
			);
			buildRules = (
			);
			dependencies = (
			);
			name = JiYi;
			productName = JiYi;
			productReference = 9328F97F1D0005D10025838B /* JiYi.app */;
			productType = "com.apple.product-type.application";
		};
		9328F9951D0005D10025838B /* JiYiTests */ = {
			isa = PBXNativeTarget;
			buildConfigurationList = 9328F9AD1D0005D10025838B /* Build configuration list for PBXNativeTarget "JiYiTests" */;
			buildPhases = (
				9328F9921D0005D10025838B /* Sources */,
				9328F9931D0005D10025838B /* Frameworks */,
				9328F9941D0005D10025838B /* Resources */,
			);
			buildRules = (
			);
			dependencies = (
				9328F9981D0005D10025838B /* PBXTargetDependency */,
			);
			name = JiYiTests;
			productName = JiYiTests;
			productReference = 9328F9961D0005D10025838B /* JiYiTests.xctest */;
			productType = "com.apple.product-type.bundle.unit-test";
		};
		9328F9A01D0005D10025838B /* JiYiUITests */ = {
			isa = PBXNativeTarget;
			buildConfigurationList = 9328F9B01D0005D10025838B /* Build configuration list for PBXNativeTarget "JiYiUITests" */;
			buildPhases = (
				9328F99D1D0005D10025838B /* Sources */,
				9328F99E1D0005D10025838B /* Frameworks */,
				9328F99F1D0005D10025838B /* Resources */,
			);
			buildRules = (
			);
			dependencies = (
				9328F9A31D0005D10025838B /* PBXTargetDependency */,
			);
			name = JiYiUITests;
			productName = JiYiUITests;
			productReference = 9328F9A11D0005D10025838B /* JiYiUITests.xctest */;
			productType = "com.apple.product-type.bundle.ui-testing";
		};
/* End PBXNativeTarget section */

/* Begin PBXProject section */
		9328F9771D0005D00025838B /* Project object */ = {
			isa = PBXProject;
			attributes = {
				LastSwiftUpdateCheck = 0730;
				LastUpgradeCheck = 0730;
				ORGANIZATIONNAME = Nodev;
				TargetAttributes = {
					9328F97E1D0005D00025838B = {
						CreatedOnToolsVersion = 7.3.1;
						DevelopmentTeam = TCUR4R66UJ;
					};
					9328F9951D0005D10025838B = {
						CreatedOnToolsVersion = 7.3.1;
						TestTargetID = 9328F97E1D0005D00025838B;
					};
					9328F9A01D0005D10025838B = {
						CreatedOnToolsVersion = 7.3.1;
						TestTargetID = 9328F97E1D0005D00025838B;
					};
				};
			};
			buildConfigurationList = 9328F97A1D0005D00025838B /* Build configuration list for PBXProject "JiYi" */;
			compatibilityVersion = "Xcode 3.2";
			developmentRegion = English;
			hasScannedForEncodings = 0;
			knownRegions = (
				en,
				Base,
			);
			mainGroup = 9328F9761D0005D00025838B;
			productRefGroup = 9328F9801D0005D10025838B /* Products */;
			projectDirPath = "";
			projectRoot = "";
			targets = (
				9328F97E1D0005D00025838B /* JiYi */,
				9328F9951D0005D10025838B /* JiYiTests */,
				9328F9A01D0005D10025838B /* JiYiUITests */,
			);
		};
/* End PBXProject section */

/* Begin PBXResourcesBuildPhase section */
		9328F97D1D0005D00025838B /* Resources */ = {
			isa = PBXResourcesBuildPhase;
			buildActionMask = 2147483647;
			files = (
				939B93501D0154F3005CEAC3 /* Chat000.mp3 in Resources */,
				9328F9901D0005D10025838B /* LaunchScreen.storyboard in Resources */,
				939B934F1D0154F3005CEAC3 /* Buffle000.mp3 in Resources */,
				9328F9C01D000F8D0025838B /* Assets.xcassets in Resources */,
				939B93521D0154F3005CEAC3 /* Rat000.mp3 in Resources */,
				939B93511D0154F3005CEAC3 /* Lapin000.mp3 in Resources */,
				939B93531D0154F3005CEAC3 /* Tigre000.mp3 in Resources */,
				9328F9D11D002CE90025838B /* Cards.plist in Resources */,
				9328F9881D0005D10025838B /* Main.storyboard in Resources */,
			);
			runOnlyForDeploymentPostprocessing = 0;
		};
		9328F9941D0005D10025838B /* Resources */ = {
			isa = PBXResourcesBuildPhase;
			buildActionMask = 2147483647;
			files = (
			);
			runOnlyForDeploymentPostprocessing = 0;
		};
		9328F99F1D0005D10025838B /* Resources */ = {
			isa = PBXResourcesBuildPhase;
			buildActionMask = 2147483647;
			files = (
			);
			runOnlyForDeploymentPostprocessing = 0;
		};
/* End PBXResourcesBuildPhase section */

/* Begin PBXSourcesBuildPhase section */
		9328F97B1D0005D00025838B /* Sources */ = {
			isa = PBXSourcesBuildPhase;
			buildActionMask = 2147483647;
			files = (
				93E13A521D0179FD00F75A12 /* DeckInfoTableViewController.swift in Sources */,
				931A42EE1D0049FC006752D2 /* NSUserDefault+isFirstLaunch.swift in Sources */,
				9328F9C21D0023620025838B /* CoreDataManager.swift in Sources */,
				931A42F11D0054DC006752D2 /* CardTableViewController.swift in Sources */,
				930896841D069A8A005B8A5E /* MainTableViewController.swift in Sources */,
				930896861D06A07A005B8A5E /* MainDeckSelectorTableViewController.swift in Sources */,
				9328F9CA1D00281A0025838B /* Card.swift in Sources */,
				93280EF51D0547600058EDD5 /* DeckCardSelectorTableViewController.swift in Sources */,
				9328F9BE1D0009070025838B /* JiYi.xcdatamodeld in Sources */,
				9328F9831D0005D10025838B /* AppDelegate.swift in Sources */,
				93E13A541D019D3900F75A12 /* DeckEditTableViewController.swift in Sources */,
				93E13A501D0172CC00F75A12 /* DeckTableViewController.swift in Sources */,
				9328F9CC1D00281A0025838B /* Deck.swift in Sources */,
			);
			runOnlyForDeploymentPostprocessing = 0;
		};
		9328F9921D0005D10025838B /* Sources */ = {
			isa = PBXSourcesBuildPhase;
			buildActionMask = 2147483647;
			files = (
				9328F99B1D0005D10025838B /* JiYiTests.swift in Sources */,
			);
			runOnlyForDeploymentPostprocessing = 0;
		};
		9328F99D1D0005D10025838B /* Sources */ = {
			isa = PBXSourcesBuildPhase;
			buildActionMask = 2147483647;
			files = (
				9328F9A61D0005D10025838B /* JiYiUITests.swift in Sources */,
			);
			runOnlyForDeploymentPostprocessing = 0;
		};
/* End PBXSourcesBuildPhase section */

/* Begin PBXTargetDependency section */
		9328F9981D0005D10025838B /* PBXTargetDependency */ = {
			isa = PBXTargetDependency;
			target = 9328F97E1D0005D00025838B /* JiYi */;
			targetProxy = 9328F9971D0005D10025838B /* PBXContainerItemProxy */;
		};
		9328F9A31D0005D10025838B /* PBXTargetDependency */ = {
			isa = PBXTargetDependency;
			target = 9328F97E1D0005D00025838B /* JiYi */;
			targetProxy = 9328F9A21D0005D10025838B /* PBXContainerItemProxy */;
		};
/* End PBXTargetDependency section */

/* Begin PBXVariantGroup section */
		9328F9861D0005D10025838B /* Main.storyboard */ = {
			isa = PBXVariantGroup;
			children = (
				9328F9871D0005D10025838B /* Base */,
			);
			name = Main.storyboard;
			sourceTree = "<group>";
		};
		9328F98E1D0005D10025838B /* LaunchScreen.storyboard */ = {
			isa = PBXVariantGroup;
			children = (
				9328F98F1D0005D10025838B /* Base */,
			);
			name = LaunchScreen.storyboard;
			sourceTree = "<group>";
		};
/* End PBXVariantGroup section */

/* Begin XCBuildConfiguration section */
		9328F9A81D0005D10025838B /* Debug */ = {
			isa = XCBuildConfiguration;
			buildSettings = {
				ALWAYS_SEARCH_USER_PATHS = NO;
				CLANG_ANALYZER_NONNULL = YES;
				CLANG_CXX_LANGUAGE_STANDARD = "gnu++0x";
				CLANG_CXX_LIBRARY = "libc++";
				CLANG_ENABLE_MODULES = YES;
				CLANG_ENABLE_OBJC_ARC = YES;
				CLANG_WARN_BOOL_CONVERSION = YES;
				CLANG_WARN_CONSTANT_CONVERSION = YES;
				CLANG_WARN_DIRECT_OBJC_ISA_USAGE = YES_ERROR;
				CLANG_WARN_EMPTY_BODY = YES;
				CLANG_WARN_ENUM_CONVERSION = YES;
				CLANG_WARN_INT_CONVERSION = YES;
				CLANG_WARN_OBJC_ROOT_CLASS = YES_ERROR;
				CLANG_WARN_UNREACHABLE_CODE = YES;
				CLANG_WARN__DUPLICATE_METHOD_MATCH = YES;
				"CODE_SIGN_IDENTITY[sdk=iphoneos*]" = "iPhone Developer";
				COPY_PHASE_STRIP = NO;
				DEBUG_INFORMATION_FORMAT = dwarf;
				ENABLE_STRICT_OBJC_MSGSEND = YES;
				ENABLE_TESTABILITY = YES;
				GCC_C_LANGUAGE_STANDARD = gnu99;
				GCC_DYNAMIC_NO_PIC = NO;
				GCC_NO_COMMON_BLOCKS = YES;
				GCC_OPTIMIZATION_LEVEL = 0;
				GCC_PREPROCESSOR_DEFINITIONS = (
					"DEBUG=1",
					"$(inherited)",
				);
				GCC_WARN_64_TO_32_BIT_CONVERSION = YES;
				GCC_WARN_ABOUT_RETURN_TYPE = YES_ERROR;
				GCC_WARN_UNDECLARED_SELECTOR = YES;
				GCC_WARN_UNINITIALIZED_AUTOS = YES_AGGRESSIVE;
				GCC_WARN_UNUSED_FUNCTION = YES;
				GCC_WARN_UNUSED_VARIABLE = YES;
				IPHONEOS_DEPLOYMENT_TARGET = 9.3;
				MTL_ENABLE_DEBUG_INFO = YES;
				ONLY_ACTIVE_ARCH = YES;
				SDKROOT = iphoneos;
				SWIFT_OPTIMIZATION_LEVEL = "-Onone";
				TARGETED_DEVICE_FAMILY = "1,2";
			};
			name = Debug;
		};
		9328F9A91D0005D10025838B /* Release */ = {
			isa = XCBuildConfiguration;
			buildSettings = {
				ALWAYS_SEARCH_USER_PATHS = NO;
				CLANG_ANALYZER_NONNULL = YES;
				CLANG_CXX_LANGUAGE_STANDARD = "gnu++0x";
				CLANG_CXX_LIBRARY = "libc++";
				CLANG_ENABLE_MODULES = YES;
				CLANG_ENABLE_OBJC_ARC = YES;
				CLANG_WARN_BOOL_CONVERSION = YES;
				CLANG_WARN_CONSTANT_CONVERSION = YES;
				CLANG_WARN_DIRECT_OBJC_ISA_USAGE = YES_ERROR;
				CLANG_WARN_EMPTY_BODY = YES;
				CLANG_WARN_ENUM_CONVERSION = YES;
				CLANG_WARN_INT_CONVERSION = YES;
				CLANG_WARN_OBJC_ROOT_CLASS = YES_ERROR;
				CLANG_WARN_UNREACHABLE_CODE = YES;
				CLANG_WARN__DUPLICATE_METHOD_MATCH = YES;
				"CODE_SIGN_IDENTITY[sdk=iphoneos*]" = "iPhone Developer";
				COPY_PHASE_STRIP = NO;
				DEBUG_INFORMATION_FORMAT = "dwarf-with-dsym";
				ENABLE_NS_ASSERTIONS = NO;
				ENABLE_STRICT_OBJC_MSGSEND = YES;
				GCC_C_LANGUAGE_STANDARD = gnu99;
				GCC_NO_COMMON_BLOCKS = YES;
				GCC_WARN_64_TO_32_BIT_CONVERSION = YES;
				GCC_WARN_ABOUT_RETURN_TYPE = YES_ERROR;
				GCC_WARN_UNDECLARED_SELECTOR = YES;
				GCC_WARN_UNINITIALIZED_AUTOS = YES_AGGRESSIVE;
				GCC_WARN_UNUSED_FUNCTION = YES;
				GCC_WARN_UNUSED_VARIABLE = YES;
				IPHONEOS_DEPLOYMENT_TARGET = 9.3;
				MTL_ENABLE_DEBUG_INFO = NO;
				SDKROOT = iphoneos;
				TARGETED_DEVICE_FAMILY = "1,2";
				VALIDATE_PRODUCT = YES;
			};
			name = Release;
		};
		9328F9AB1D0005D10025838B /* Debug */ = {
			isa = XCBuildConfiguration;
			buildSettings = {
				ASSETCATALOG_COMPILER_APPICON_NAME = AppIcon;
				CODE_SIGN_IDENTITY = "iPhone Developer";
				INFOPLIST_FILE = JiYi/Info.plist;
				LD_RUNPATH_SEARCH_PATHS = "$(inherited) @executable_path/Frameworks";
				PRODUCT_BUNDLE_IDENTIFIER = ch.nodev.JiYi;
				PRODUCT_NAME = "$(TARGET_NAME)";
			};
			name = Debug;
		};
		9328F9AC1D0005D10025838B /* Release */ = {
			isa = XCBuildConfiguration;
			buildSettings = {
				ASSETCATALOG_COMPILER_APPICON_NAME = AppIcon;
				CODE_SIGN_IDENTITY = "iPhone Developer";
				INFOPLIST_FILE = JiYi/Info.plist;
				LD_RUNPATH_SEARCH_PATHS = "$(inherited) @executable_path/Frameworks";
				PRODUCT_BUNDLE_IDENTIFIER = ch.nodev.JiYi;
				PRODUCT_NAME = "$(TARGET_NAME)";
			};
			name = Release;
		};
		9328F9AE1D0005D10025838B /* Debug */ = {
			isa = XCBuildConfiguration;
			buildSettings = {
				BUNDLE_LOADER = "$(TEST_HOST)";
				INFOPLIST_FILE = JiYiTests/Info.plist;
				LD_RUNPATH_SEARCH_PATHS = "$(inherited) @executable_path/Frameworks @loader_path/Frameworks";
				PRODUCT_BUNDLE_IDENTIFIER = ch.nodev.JiYiTests;
				PRODUCT_NAME = "$(TARGET_NAME)";
				TEST_HOST = "$(BUILT_PRODUCTS_DIR)/JiYi.app/JiYi";
			};
			name = Debug;
		};
		9328F9AF1D0005D10025838B /* Release */ = {
			isa = XCBuildConfiguration;
			buildSettings = {
				BUNDLE_LOADER = "$(TEST_HOST)";
				INFOPLIST_FILE = JiYiTests/Info.plist;
				LD_RUNPATH_SEARCH_PATHS = "$(inherited) @executable_path/Frameworks @loader_path/Frameworks";
				PRODUCT_BUNDLE_IDENTIFIER = ch.nodev.JiYiTests;
				PRODUCT_NAME = "$(TARGET_NAME)";
				TEST_HOST = "$(BUILT_PRODUCTS_DIR)/JiYi.app/JiYi";
			};
			name = Release;
		};
		9328F9B11D0005D10025838B /* Debug */ = {
			isa = XCBuildConfiguration;
			buildSettings = {
				INFOPLIST_FILE = JiYiUITests/Info.plist;
				LD_RUNPATH_SEARCH_PATHS = "$(inherited) @executable_path/Frameworks @loader_path/Frameworks";
				PRODUCT_BUNDLE_IDENTIFIER = ch.nodev.JiYiUITests;
				PRODUCT_NAME = "$(TARGET_NAME)";
				TEST_TARGET_NAME = JiYi;
			};
			name = Debug;
		};
		9328F9B21D0005D10025838B /* Release */ = {
			isa = XCBuildConfiguration;
			buildSettings = {
				INFOPLIST_FILE = JiYiUITests/Info.plist;
				LD_RUNPATH_SEARCH_PATHS = "$(inherited) @executable_path/Frameworks @loader_path/Frameworks";
				PRODUCT_BUNDLE_IDENTIFIER = ch.nodev.JiYiUITests;
				PRODUCT_NAME = "$(TARGET_NAME)";
				TEST_TARGET_NAME = JiYi;
			};
			name = Release;
		};
/* End XCBuildConfiguration section */

/* Begin XCConfigurationList section */
		9328F97A1D0005D00025838B /* Build configuration list for PBXProject "JiYi" */ = {
			isa = XCConfigurationList;
			buildConfigurations = (
				9328F9A81D0005D10025838B /* Debug */,
				9328F9A91D0005D10025838B /* Release */,
			);
			defaultConfigurationIsVisible = 0;
			defaultConfigurationName = Release;
		};
		9328F9AA1D0005D10025838B /* Build configuration list for PBXNativeTarget "JiYi" */ = {
			isa = XCConfigurationList;
			buildConfigurations = (
				9328F9AB1D0005D10025838B /* Debug */,
				9328F9AC1D0005D10025838B /* Release */,
			);
			defaultConfigurationIsVisible = 0;
			defaultConfigurationName = Release;
		};
		9328F9AD1D0005D10025838B /* Build configuration list for PBXNativeTarget "JiYiTests" */ = {
			isa = XCConfigurationList;
			buildConfigurations = (
				9328F9AE1D0005D10025838B /* Debug */,
				9328F9AF1D0005D10025838B /* Release */,
			);
			defaultConfigurationIsVisible = 0;
			defaultConfigurationName = Release;
		};
		9328F9B01D0005D10025838B /* Build configuration list for PBXNativeTarget "JiYiUITests" */ = {
			isa = XCConfigurationList;
			buildConfigurations = (
				9328F9B11D0005D10025838B /* Debug */,
				9328F9B21D0005D10025838B /* Release */,
			);
			defaultConfigurationIsVisible = 0;
			defaultConfigurationName = Release;
		};
/* End XCConfigurationList section */

/* Begin XCVersionGroup section */
		9328F9BC1D0009070025838B /* JiYi.xcdatamodeld */ = {
			isa = XCVersionGroup;
			children = (
				939B93541D016BC6005CEAC3 /* JiYi 2.xcdatamodel */,
				9328F9BD1D0009070025838B /* JiYi.xcdatamodel */,
			);
			currentVersion = 939B93541D016BC6005CEAC3 /* JiYi 2.xcdatamodel */;
			name = JiYi.xcdatamodeld;
			path = CoreData/JiYi.xcdatamodeld;
			sourceTree = "<group>";
			versionGroupType = wrapper.xcdatamodel;
		};
/* End XCVersionGroup section */
	};
	rootObject = 9328F9771D0005D00025838B /* Project object */;
}
